
Microsoft Visual Studio Solution File, Format Version 12.00
# Visual Studio Version 16
VisualStudioVersion = 16.0.29709.97
MinimumVisualStudioVersion = 10.0.40219.1
Project("{9A19103F-16F7-4668-BE54-9A1E7A4F7556}") = "MicroServiceReceive", "MicroServiceRecive\MicroServiceReceive.csproj", "{FE836AA9-3AEE-4CB9-B0D4-6C625D2ADBAA}"
EndProject
Project("{9A19103F-16F7-4668-BE54-9A1E7A4F7556}") = "MicroServiceSend", "MicroServiceSend\MicroServiceSend.csproj", "{8767F2E9-0ED2-4129-BC9A-F8A1C3CB552A}"
EndProject
Project("{9A19103F-16F7-4668-BE54-9A1E7A4F7556}") = "Messages", "Messages\Messages.csproj", "{579B7C1F-057A-452C-BB60-358BBB99000F}"
EndProject
Project("{2150E333-8FDC-42A3-9474-1A3956D46DE8}") = "Solution Items", "Solution Items", "{CFEF99F3-5755-47A0-BD3E-F68EC0F4D46E}"
	ProjectSection(SolutionItems) = preProject
		ReadMe.txt = ReadMe.txt
	EndProjectSection
EndProject
Global
	GlobalSection(SolutionConfigurationPlatforms) = preSolution
		Debug|Any CPU = Debug|Any CPU
		Release|Any CPU = Release|Any CPU
	EndGlobalSection
	GlobalSection(ProjectConfigurationPlatforms) = postSolution
		{FE836AA9-3AEE-4CB9-B0D4-6C625D2ADBAA}.Debug|Any CPU.ActiveCfg = Debug|Any CPU
		{FE836AA9-3AEE-4CB9-B0D4-6C625D2ADBAA}.Debug|Any CPU.Build.0 = Debug|Any CPU
		{FE836AA9-3AEE-4CB9-B0D4-6C625D2ADBAA}.Release|Any CPU.ActiveCfg = Release|Any CPU
		{FE836AA9-3AEE-4CB9-B0D4-6C625D2ADBAA}.Release|Any CPU.Build.0 = Release|Any CPU
		{8767F2E9-0ED2-4129-BC9A-F8A1C3CB552A}.Debug|Any CPU.ActiveCfg = Debug|Any CPU
		{8767F2E9-0ED2-4129-BC9A-F8A1C3CB552A}.Debug|Any CPU.Build.0 = Debug|Any CPU
		{8767F2E9-0ED2-4129-BC9A-F8A1C3CB552A}.Release|Any CPU.ActiveCfg = Release|Any CPU
		{8767F2E9-0ED2-4129-BC9A-F8A1C3CB552A}.Release|Any CPU.Build.0 = Release|Any CPU
		{579B7C1F-057A-452C-BB60-358BBB99000F}.Debug|Any CPU.ActiveCfg = Debug|Any CPU
		{579B7C1F-057A-452C-BB60-358BBB99000F}.Debug|Any CPU.Build.0 = Debug|Any CPU
		{579B7C1F-057A-452C-BB60-358BBB99000F}.Release|Any CPU.ActiveCfg = Release|Any CPU
		{579B7C1F-057A-452C-BB60-358BBB99000F}.Release|Any CPU.Build.0 = Release|Any CPU
	EndGlobalSection
	GlobalSection(SolutionProperties) = preSolution
		HideSolutionNode = FALSE
	EndGlobalSection
	GlobalSection(ExtensibilityGlobals) = postSolution
		SolutionGuid = {193743D9-D401-427A-97FF-5C29048B3273}
	EndGlobalSection
EndGlobal
